# THIS IS AN AUTOGENERATED FILE. DO NOT EDIT THIS FILE DIRECTLY.
# yarn lockfile v1


"@angular/common@8.2.9":
  version "8.2.9"
  resolved "https://registry.yarnpkg.com/@angular/common/-/common-8.2.9.tgz#b0543c3694b861ae7771f6ef25677ffef3fdd924"
  integrity sha512-76WDU1USlI5vAzqCJ3gxCQGuu57aJEggNk/xoWmQEXipiFTFBh2wSKn/dE6Txr/q3COTPIcrmb9OCeal5kQPIA==
  dependencies:
    tslib "^1.9.0"

"@angular/core@8.2.9":
  version "8.2.9"
  resolved "https://registry.yarnpkg.com/@angular/core/-/core-8.2.9.tgz#280598caef4c61b952cdae96d160497ae698b618"
  integrity sha512-GpHAuLOlN9iioELCQBmAsjETTUCyFgVUI3LXwh3e63jnpd+ZuuZcZbjfTYhtgYVNMetn7cVEO6p88eb7qvpUWQ==
  dependencies:
    tslib "^1.9.0"

"@angular/forms@8.2.9":
  version "8.2.9"
  resolved "https://registry.yarnpkg.com/@angular/forms/-/forms-8.2.9.tgz#7a39427c54c85fc64fdeddf08d6ee4a524fd7993"
  integrity sha512-kAdBuApC9PPOdPI8BmNhxCraAkXGbX/PkVan8pQ5xdumvgGqvVjbJvLaUSbJROPtgCRlQyiEDrHFd4gk/WU76A==
  dependencies:
    tslib "^1.9.0"

"@angular/router@8.2.9":
  version "8.2.9"
  resolved "https://registry.yarnpkg.com/@angular/router/-/router-8.2.9.tgz#6d10cd12f06eb43d41f0f181b2926ea6715ffac1"
  integrity sha512-4P60CWNB/jxGjDBEuYN0Jobt76QlebAQeFBTDswRVwRlq/WJT4QhL3a8AVIRsHn9bQII0LUt/ZQBBPxn7h9lSA==
  dependencies:
    tslib "^1.9.0"

"@angular/upgrade@8.2.9":
  version "8.2.9"
  resolved "https://registry.yarnpkg.com/@angular/upgrade/-/upgrade-8.2.9.tgz#2580be4d9327ba3c1cd6c5ad054ef2e18ae5efb7"
  integrity sha512-V7cJb6uZukiVDDzA8VKWrqjQuwDTOqLCw52N9WlrFh5honzRj3x4yqFI8uq8bljaSRyj7SFjfOx10xaFx3NPJQ==
  dependencies:
    tslib "^1.9.0"

"@babel/runtime@^7.3.1":
  version "7.6.2"
  resolved "https://registry.yarnpkg.com/@babel/runtime/-/runtime-7.6.2.tgz#c3d6e41b304ef10dcf13777a33e7694ec4a9a6dd"
  integrity sha512-EXxN64agfUqqIGeEjI5dL5z0Sw0ZwWo1mLTi4mQowCZ42O59b7DRpZAnTC6OqdF28wMBMFKNb/4uFGrVaigSpg==
  dependencies:
    regenerator-runtime "^0.13.2"

"@sphinxxxx/color-conversion@^2.2.2":
  version "2.2.2"
  resolved "https://registry.yarnpkg.com/@sphinxxxx/color-conversion/-/color-conversion-2.2.2.tgz#03ecc29279e3c0c832f6185a5bfa3497858ac8ca"
  integrity sha512-XExJS3cLqgrmNBIP3bBw6+1oQ1ksGjFh0+oClDKFYpCCqx/hlqwWO5KO/S63fzUo67SxI9dMrF0y5T/Ey7h8Zw==

angular-formio@4.2.3:
  version "4.2.3"
  resolved "https://registry.yarnpkg.com/angular-formio/-/angular-formio-4.2.3.tgz#387301857b85f36f4d90921a7fd3e98ae9713752"
  integrity sha512-SX7hGYZh79yLBRrjsruw1t/g0KaG1NKJFu4Dv54/CZyIaDHAqgzVCJ5RAmkrFbQ+bA5oLvMDO0U/rs0HM46tcQ==
  dependencies:
    core-js "^3.2.1"
    formiojs "^4.2.10"
    lodash "^4.17.15"
    ngx-bootstrap "^5.1.2"

atoa@1.0.0:
  version "1.0.0"
  resolved "https://registry.yarnpkg.com/atoa/-/atoa-1.0.0.tgz#0cc0e91a480e738f923ebc103676471779b34a49"
  integrity sha1-DMDpGkgOc4+SPrwQNnZHF3mzSkk=

browser-cookies@^1.2.0:
  version "1.2.0"
  resolved "https://registry.yarnpkg.com/browser-cookies/-/browser-cookies-1.2.0.tgz#fca3ffb9b6a63aadc4d8c0999c6b57d0fa7d29b5"
  integrity sha1-/KP/ubamOq3E2MCZnGtX0Pp9KbU=

choices.js@^7.0.0:
  version "7.0.0"
  resolved "https://registry.yarnpkg.com/choices.js/-/choices.js-7.0.0.tgz#8db4ff8baaffac5e321960dbf8aeb9519f58351c"
  integrity sha512-qK9NEX4/riACBGle27BOWf6dZf+VqitbALB96LERBslqa05Tsn91bicACmLhw2Qym227mQIKN17hcIPwsRZ0mQ==
  dependencies:
    classnames "^2.2.6"
    deepmerge "^2.2.1"
    fuse.js "3.4.2"
    redux "^3.3.1"

classnames@^2.2.6:
  version "2.2.6"
  resolved "https://registry.yarnpkg.com/classnames/-/classnames-2.2.6.tgz#43935bffdd291f326dad0a205309b38d00f650ce"
  integrity sha512-JR/iSQOSt+LQIWwrwEzJ9uk0xfN3mTVYMwt1Ir5mUcSN6pU+V4zQFFaJsclJbPuAUQH+yfWef6tm7l1quW3C8Q==

contra@1.9.4:
  version "1.9.4"
  resolved "https://registry.yarnpkg.com/contra/-/contra-1.9.4.tgz#f53bde42d7e5b5985cae4d99a8d610526de8f28d"
  integrity sha1-9TveQtfltZhcrk2ZqNYQUm3o8o0=
  dependencies:
    atoa "1.0.0"
    ticky "1.0.1"

core-js@^3.2.1:
  version "3.2.1"
  resolved "https://registry.yarnpkg.com/core-js/-/core-js-3.2.1.tgz#cd41f38534da6cc59f7db050fe67307de9868b09"
  integrity sha512-Qa5XSVefSVPRxy2XfUC13WbvqkxhkwB3ve+pgCQveNgYzbM/UxZeu1dcOX/xr4UmfUd+muuvsaxilQzCyUurMw==

crossvent@1.5.4:
  version "1.5.4"
  resolved "https://registry.yarnpkg.com/crossvent/-/crossvent-1.5.4.tgz#da2c4f8f40c94782517bf2beec1044148194ab92"
  integrity sha1-2ixPj0DJR4JRe/K+7BBEFIGUq5I=
  dependencies:
    custom-event "1.0.0"

custom-event@1.0.0:
  version "1.0.0"
  resolved "https://registry.yarnpkg.com/custom-event/-/custom-event-1.0.0.tgz#2e4628be19dc4b214b5c02630c5971e811618062"
  integrity sha1-LkYovhncSyFLXAJjDFlx6BFhgGI=

deepmerge@^2.2.1:
  version "2.2.1"
  resolved "https://registry.yarnpkg.com/deepmerge/-/deepmerge-2.2.1.tgz#5d3ff22a01c00f645405a2fbc17d0778a1801170"
  integrity sha512-R9hc1Xa/NOBi9WRVUWg19rl1UB7Tt4kuPd+thNJgFZoxXsTz7ncaPaeIm+40oSGuP33DfMb4sZt1QIGiJzC4EA==

dialog-polyfill@^0.5.0:
  version "0.5.0"
  resolved "https://registry.yarnpkg.com/dialog-polyfill/-/dialog-polyfill-0.5.0.tgz#bf67bc67abaf538e44fff80f2f71ff132befadd7"
  integrity sha512-fOj68T8KB6UIsDFmK7zYbmORJMLYkRmtsLM1W6wbCVUWu4Hdcud5bqbvuueTxO84JXtK9HcpCHV9vNwlWUdCIw==

dompurify@^2.0.3:
  version "2.0.4"
  resolved "https://registry.yarnpkg.com/dompurify/-/dompurify-2.0.4.tgz#8ad181d526aef28089354f3c92ebba6531bbb7fd"
  integrity sha512-sRl7eWZaQYnZAgNMHxDet/S4FSeWhvJpuFUlCIl4ahOcYAVSKcbnJQX96TR/kwsrYwDD5GQ5MRk2WLH83bRLRQ==

downloadjs@^1.4.7:
  version "1.4.7"
  resolved "https://registry.yarnpkg.com/downloadjs/-/downloadjs-1.4.7.tgz#f69f96f940e0d0553dac291139865a3cd0101e3c"
  integrity sha1-9p+W+UDg0FU9rCkROYZaPNAQHjw=

dragula@^3.7.2:
  version "3.7.2"
  resolved "https://registry.yarnpkg.com/dragula/-/dragula-3.7.2.tgz#4a35c9d3981ffac1a949c29ca7285058e87393ce"
  integrity sha1-SjXJ05gf+sGpScKcpyhQWOhzk84=
  dependencies:
    contra "1.9.4"
    crossvent "1.5.4"

eventemitter2@^5.0.1:
  version "5.0.1"
  resolved "https://registry.yarnpkg.com/eventemitter2/-/eventemitter2-5.0.1.tgz#6197a095d5fb6b57e8942f6fd7eaad63a09c9452"
  integrity sha1-YZegldX7a1folC9v1+qtY6CclFI=

fast-deep-equal@^2.0.1:
  version "2.0.1"
  resolved "https://registry.yarnpkg.com/fast-deep-equal/-/fast-deep-equal-2.0.1.tgz#7b05218ddf9667bf7f370bf7fdb2cb15fdd0aa49"
  integrity sha1-ewUhjd+WZ79/Nwv3/bLLFf3Qqkk=

fast-json-patch@^2.2.1:
  version "2.2.1"
  resolved "https://registry.yarnpkg.com/fast-json-patch/-/fast-json-patch-2.2.1.tgz#18150d36c9ab65c7209e7d4eb113f4f8eaabe6d9"
  integrity sha512-4j5uBaTnsYAV5ebkidvxiLUYOwjQ+JSFljeqfTxCrH9bDmlCQaOJFS84oDJ2rAXZq2yskmk3ORfoP9DCwqFNig==
  dependencies:
    fast-deep-equal "^2.0.1"

fetch-ponyfill@^6.1.0:
  version "6.1.0"
  resolved "https://registry.yarnpkg.com/fetch-ponyfill/-/fetch-ponyfill-6.1.0.tgz#d56cd1e6fc4e50aff8cd4b7701dc42a0cc26f476"
  integrity sha512-bLc7JCjpJZZUXVxbgwUhd72Q19MAokrCXOg/Akq+wl0uFLFLklFdBkZo5OpQ3kLI0oGqrKdx6t5Zo3QwXBRmbQ==
  dependencies:
    node-fetch "~2.6.0"

flatpickr@^4.6.3:
  version "4.6.3"
  resolved "https://registry.yarnpkg.com/flatpickr/-/flatpickr-4.6.3.tgz#15a8b76b6e34e3a072861250503a5995b9d3bc60"
  integrity sha512-007VucCkqNOMMb9ggRLNuJowwaJcyOh4sKAFcdGfahfGc7JQbf94zSzjdBq/wVyHWUEs5o3+idhFZ0wbZMRmVQ==

formiojs@^4.2.10:
  version "4.2.12"
  resolved "https://registry.yarnpkg.com/formiojs/-/formiojs-4.2.12.tgz#adcb33f375c0e84780f76d05caa7a0cf52abc1d0"
  integrity sha512-gvEDLE3MNeh/SIZq5HXtWRJeVz0USMPKfFd26nn4bR8gPGSS6Ge6Ic8Slft/LNmuNjMxApuJx363JWmrszyGzg==
  dependencies:
    browser-cookies "^1.2.0"
    choices.js "^7.0.0"
    core-js "^3.2.1"
    dialog-polyfill "^0.5.0"
    dompurify "^2.0.3"
    downloadjs "^1.4.7"
    dragula "^3.7.2"
    eventemitter2 "^5.0.1"
    fast-deep-equal "^2.0.1"
    fast-json-patch "^2.2.1"
    fetch-ponyfill "^6.1.0"
    flatpickr "^4.6.3"
    i18next "^17.0.18"
    idb "^4.0.4"
    json-logic-js "^1.2.2"
    jstimezonedetect "^1.0.7"
    lodash "^4.17.15"
    moment "^2.24.0"
    moment-timezone "^0.5.26"
    native-promise-only "^0.8.1"
    resize-observer-polyfill "^1.5.1"
    signature_pad "^2.3.2"
    string-hash "^1.1.3"
    text-mask-addons "^3.8.0"
    tooltip.js "^1.3.2"
    two.js "^0.7.0-beta.3"
    uuid "^3.3.3"
    vanilla-picker "^2.10.0"
    vanilla-text-mask "^5.1.1"

fuse.js@3.4.2:
  version "3.4.2"
  resolved "https://registry.yarnpkg.com/fuse.js/-/fuse.js-3.4.2.tgz#d7a638c436ecd7b9c4c0051478c09594eb956212"
  integrity sha512-WVbrm+cAxPtyMqdtL7cYhR7aZJPhtOfjNClPya8GKMVukKDYs7pEnPINeRVX1C9WmWgU8MdYGYbUPAP2AJXdoQ==

i18next@^17.0.18:
  version "17.0.18"
  resolved "https://registry.yarnpkg.com/i18next/-/i18next-17.0.18.tgz#cca2503125af2370daa4657c5320d5ef6924c23a"
  integrity sha512-FpLbLwzYV/qen9ZTA+mOHiNzLxESnF+sQCe5wT7UShssfDiW/df5JdXuxnPsPQiUd+M1kpB3Jaawcn9RN6atig==
  dependencies:
    "@babel/runtime" "^7.3.1"

idb@^4.0.4:
  version "4.0.5"
  resolved "https://registry.yarnpkg.com/idb/-/idb-4.0.5.tgz#23b930fbb0abce391e939c35b7b31a669e74041f"
  integrity sha512-P+Fk9HT2h1DhXoE1YNK183SY+CRh2GHNh28de94sGwhe0bUA75JJeVJWt3SenE5p0BXK7maflIq29dl6UZHrFw==

"js-tokens@^3.0.0 || ^4.0.0":
  version "4.0.0"
  resolved "https://registry.yarnpkg.com/js-tokens/-/js-tokens-4.0.0.tgz#19203fb59991df98e3a287050d4647cdeaf32499"
  integrity sha512-RdJUflcE3cUzKiMqQgsCu06FPu9UdIJO0beYbPhHN4k6apgJtifcoCtT9bcxOpYBtpD2kCM6Sbzg4CausW/PKQ==

json-logic-js@^1.2.2:
  version "1.2.2"
  resolved "https://registry.yarnpkg.com/json-logic-js/-/json-logic-js-1.2.2.tgz#e5c382aa6df25df485edead339869396c533afe8"
  integrity sha1-5cOCqm3yXfSF7erTOYaTlsUzr+g=

jstimezonedetect@^1.0.7:
  version "1.0.7"
  resolved "https://registry.yarnpkg.com/jstimezonedetect/-/jstimezonedetect-1.0.7.tgz#54bc13ff9960a6510288665cc9596244e21bd29d"
  integrity sha512-ARADHortktl9IZ1tr4GHwGPIAzgz3mLNCbR/YjWtRtc/O0o634O3NeFlpLjv95EvuDA5dc8z6yfgbS8nUc4zcQ==

lodash-es@^4.2.1:
  version "4.17.15"
  resolved "https://registry.yarnpkg.com/lodash-es/-/lodash-es-4.17.15.tgz#21bd96839354412f23d7a10340e5eac6ee455d78"
  integrity sha512-rlrc3yU3+JNOpZ9zj5pQtxnx2THmvRykwL4Xlxoa8I9lHBlVbbyPhgyPMioxVZ4NqyxaVVtaJnzsyOidQIhyyQ==

lodash@^4.17.15, lodash@^4.2.1:
  version "4.17.15"
  resolved "https://registry.yarnpkg.com/lodash/-/lodash-4.17.15.tgz#b447f6670a0455bbfeedd11392eff330ea097548"
  integrity sha512-8xOcRHvCjnocdS5cpwXQXVzmmh5e5+saE2QGoeQmbKmRS6J3VQppPOIt0MnmE+4xlZoumy0GPG0D0MVIQbNA1A==

loose-envify@^1.1.0:
  version "1.4.0"
  resolved "https://registry.yarnpkg.com/loose-envify/-/loose-envify-1.4.0.tgz#71ee51fa7be4caec1a63839f7e682d8132d30caf"
  integrity sha512-lyuxPGr/Wfhrlem2CL/UcnUc1zcqKAImBDzukY7Y5F/yQiNdko6+fRLevlw1HgMySw7f611UIY408EtxRSoK3Q==
  dependencies:
    js-tokens "^3.0.0 || ^4.0.0"

moment-timezone@^0.5.26:
  version "0.5.26"
  resolved "https://registry.yarnpkg.com/moment-timezone/-/moment-timezone-0.5.26.tgz#c0267ca09ae84631aa3dc33f65bedbe6e8e0d772"
  integrity sha512-sFP4cgEKTCymBBKgoxZjYzlSovC20Y6J7y3nanDc5RoBIXKlZhoYwBoZGe3flwU6A372AcRwScH8KiwV6zjy1g==
  dependencies:
    moment ">= 2.9.0"

"moment@>= 2.9.0", moment@^2.24.0:
  version "2.24.0"
  resolved "https://registry.yarnpkg.com/moment/-/moment-2.24.0.tgz#0d055d53f5052aa653c9f6eb68bb5d12bf5c2b5b"
  integrity sha512-bV7f+6l2QigeBBZSM/6yTNq4P2fNpSWj/0e7jQcy87A8e7o2nAfP/34/2ky5Vw4B9S446EtIhodAzkFCcR4dQg==

native-promise-only@^0.8.1:
  version "0.8.1"
  resolved "https://registry.yarnpkg.com/native-promise-only/-/native-promise-only-0.8.1.tgz#20a318c30cb45f71fe7adfbf7b21c99c1472ef11"
  integrity sha1-IKMYwwy0X3H+et+/eyHJnBRy7xE=

ngx-bootstrap@^5.1.2:
  version "5.1.2"
  resolved "https://registry.yarnpkg.com/ngx-bootstrap/-/ngx-bootstrap-5.1.2.tgz#0d5777ce3ba548f3d922cb23f6c640ea09191b4c"
  integrity sha512-L9flZCGEf+/G0sOZXs3WJ2tp7SW6/7soQbAnpFmlvFURcSKv9p2/aiH/VbG47Ra50e5i6q3ereKEo7IpGEQwVQ==

node-fetch@~2.6.0:
  version "2.6.0"
  resolved "https://registry.yarnpkg.com/node-fetch/-/node-fetch-2.6.0.tgz#e633456386d4aa55863f676a7ab0daa8fdecb0fd"
  integrity sha512-8dG4H5ujfvFiqDmVu9fQ5bOHUC15JMjMY/Zumv26oOvvVJjM67KF8koCWIabKQ1GJIa9r2mMZscBq/TbdOcmNA==

popper.js@^1.0.2:
  version "1.15.0"
  resolved "https://registry.yarnpkg.com/popper.js/-/popper.js-1.15.0.tgz#5560b99bbad7647e9faa475c6b8056621f5a4ff2"
  integrity sha512-w010cY1oCUmI+9KwwlWki+r5jxKfTFDVoadl7MSrIujHU5MJ5OR6HTDj6Xo8aoR/QsA56x8jKjA59qGH4ELtrA==

redux@^3.3.1:
  version "3.7.2"
  resolved "https://registry.yarnpkg.com/redux/-/redux-3.7.2.tgz#06b73123215901d25d065be342eb026bc1c8537b"
  integrity sha512-pNqnf9q1hI5HHZRBkj3bAngGZW/JMCmexDlOxw4XagXY2o1327nHH54LoTjiPJ0gizoqPDRqWyX/00g0hD6w+A==
  dependencies:
    lodash "^4.2.1"
    lodash-es "^4.2.1"
    loose-envify "^1.1.0"
    symbol-observable "^1.0.3"

regenerator-runtime@^0.13.2:
  version "0.13.3"
  resolved "https://registry.yarnpkg.com/regenerator-runtime/-/regenerator-runtime-0.13.3.tgz#7cf6a77d8f5c6f60eb73c5fc1955b2ceb01e6bf5"
  integrity sha512-naKIZz2GQ8JWh///G7L3X6LaQUAMp2lvb1rvwwsURe/VXwD6VMfr+/1NuNw3ag8v2kY1aQ/go5SNn79O9JU7yw==

resize-observer-polyfill@^1.5.1:
  version "1.5.1"
  resolved "https://registry.yarnpkg.com/resize-observer-polyfill/-/resize-observer-polyfill-1.5.1.tgz#0e9020dd3d21024458d4ebd27e23e40269810464"
  integrity sha512-LwZrotdHOo12nQuZlHEmtuXdqGoOD0OhaxopaNFxWzInpEgaLWoVuAMbTzixuosCx2nEG58ngzW3vxdWoxIgdg==

signature_pad@^2.3.2:
  version "2.3.2"
  resolved "https://registry.yarnpkg.com/signature_pad/-/signature_pad-2.3.2.tgz#ca7230021c89cedeead27b33d8d16ff254e5f04a"
  integrity sha512-peYXLxOsIY6MES2TrRLDiNg2T++8gGbpP2yaC+6Ohtxr+a2dzoaqWosWDY9sWqTAAk6E/TyQO+LJw9zQwyu5kA==

string-hash@^1.1.3:
  version "1.1.3"
  resolved "https://registry.yarnpkg.com/string-hash/-/string-hash-1.1.3.tgz#e8aafc0ac1855b4666929ed7dd1275df5d6c811b"
  integrity sha1-6Kr8CsGFW0Zmkp7X3RJ1311sgRs=

symbol-observable@^1.0.3:
  version "1.2.0"
  resolved "https://registry.yarnpkg.com/symbol-observable/-/symbol-observable-1.2.0.tgz#c22688aed4eab3cdc2dfeacbb561660560a00804"
  integrity sha512-e900nM8RRtGhlV36KGEU9k65K3mPb1WV70OdjfxlG2EAuM1noi/E/BaW/uMhL7bPEssK8QV57vN3esixjUvcXQ==

text-mask-addons@^3.8.0:
  version "3.8.0"
  resolved "https://registry.yarnpkg.com/text-mask-addons/-/text-mask-addons-3.8.0.tgz#17b61ef665a4f36811f2ea1f01a223b4be61ab26"
  integrity sha1-F7Ye9mWk82gR8uofAaIjtL5hqyY=

ticky@1.0.1:
  version "1.0.1"
  resolved "https://registry.yarnpkg.com/ticky/-/ticky-1.0.1.tgz#b7cfa71e768f1c9000c497b9151b30947c50e46d"
  integrity sha1-t8+nHnaPHJAAxJe5FRswlHxQ5G0=

tooltip.js@^1.3.2:
  version "1.3.2"
  resolved "https://registry.yarnpkg.com/tooltip.js/-/tooltip.js-1.3.2.tgz#ccfe450ffd7332ce5f254033778649526c1db542"
  integrity sha512-DeDr9JxYx/lSvQ53ZCRFLxXrmrSyU3fLz6k+ITUTw69AIYtpWij/NmOJQscJ7BwY5lcEwWJWSfqqQWVvTMYZiw==
  dependencies:
    popper.js "^1.0.2"

tslib@^1.9.0:
  version "1.10.0"
  resolved "https://registry.yarnpkg.com/tslib/-/tslib-1.10.0.tgz#c3c19f95973fb0a62973fb09d90d961ee43e5c8a"
  integrity sha512-qOebF53frne81cf0S9B41ByenJ3/IuH8yJKngAX35CmiZySA0khhkovshKK+jGCaMnVomla7gVlIcc3EvKPbTQ==

two.js@^0.7.0-beta.3:
  version "0.7.0-beta.3"
  resolved "https://registry.yarnpkg.com/two.js/-/two.js-0.7.0-beta.3.tgz#0edff0768fd6ed10611d01aef7d0d7bcc0c538ab"
  integrity sha512-oPEmRGCo5c296Wn40+yTxYydwPTf1iwJY+EPdLoka5TxUkLkAUo10CkQxRZJ7VGmbShBxQRXQxS5i5/otwqGZg==

uuid@^3.3.3:
  version "3.3.3"
  resolved "https://registry.yarnpkg.com/uuid/-/uuid-3.3.3.tgz#4568f0216e78760ee1dbf3a4d2cf53e224112866"
  integrity sha512-pW0No1RGHgzlpHJO1nsVrHKpOEIxkGg1xB+v0ZmdNH5OAeAwzAVrCnI2/6Mtx+Uys6iaylxa+D3g4j63IKKjSQ==

vanilla-picker@^2.10.0:
  version "2.10.0"
  resolved "https://registry.yarnpkg.com/vanilla-picker/-/vanilla-picker-2.10.0.tgz#36676631b9346daa6b93aa4f80c541f113e38c50"
  integrity sha512-s1K+oa/JrT5blJFbLLw1O+PMncJM1qCF8DVXKNPaTVxXgTteSCjSr4rvf8TpcqEcQQ+S4RV/nvPBZanrlJE82w==
  dependencies:
    "@sphinxxxx/color-conversion" "^2.2.2"

vanilla-text-mask@^5.1.1:
  version "5.1.1"
  resolved "https://registry.yarnpkg.com/vanilla-text-mask/-/vanilla-text-mask-5.1.1.tgz#f854819b2785191cef651e3ee94869f45855f365"
  integrity sha512-JhjoMbCx3DG4GN/M/j06n1bVLeJPsZ7XelyCx8q87M9d5k3jwuWaY+a+09XBq1uOGQAW8QaWska66hOzXNKiQg==
